
Microsoft Visual Studio Solution File, Format Version 12.00
# Visual Studio Version 16
VisualStudioVersion = 16.0.30309.148
MinimumVisualStudioVersion = 10.0.40219.1
Project("{9A19103F-16F7-4668-BE54-9A1E7A4F7556}") = "ClarifyException", "ClarifyException\ClarifyException.csproj", "{AEE68BE5-D906-4521-B9B6-2D199A344BBA}"
EndProject
Project("{FAE04EC0-301F-11D3-BF4B-00C04F79EFBC}") = "ClarifyExceptionTests", "ClarifyExceptionTests\ClarifyExceptionTests.csproj", "{3E8F0B37-26B1-4193-A568-CD2E964A5A36}"
EndProject
Global
	GlobalSection(SolutionConfigurationPlatforms) = preSolution
		Debug|Any CPU = Debug|Any CPU
		Release|Any CPU = Release|Any CPU
	EndGlobalSection
	GlobalSection(ProjectConfigurationPlatforms) = postSolution
		{AEE68BE5-D906-4521-B9B6-2D199A344BBA}.Debug|Any CPU.ActiveCfg = Debug|Any CPU
		{AEE68BE5-D906-4521-B9B6-2D199A344BBA}.Debug|Any CPU.Build.0 = Debug|Any CPU
		{AEE68BE5-D906-4521-B9B6-2D199A344BBA}.Release|Any CPU.ActiveCfg = Release|Any CPU
		{AEE68BE5-D906-4521-B9B6-2D199A344BBA}.Release|Any CPU.Build.0 = Release|Any CPU
		{3E8F0B37-26B1-4193-A568-CD2E964A5A36}.Debug|Any CPU.ActiveCfg = Debug|Any CPU
		{3E8F0B37-26B1-4193-A568-CD2E964A5A36}.Debug|Any CPU.Build.0 = Debug|Any CPU
		{3E8F0B37-26B1-4193-A568-CD2E964A5A36}.Release|Any CPU.ActiveCfg = Release|Any CPU
		{3E8F0B37-26B1-4193-A568-CD2E964A5A36}.Release|Any CPU.Build.0 = Release|Any CPU
	EndGlobalSection
	GlobalSection(SolutionProperties) = preSolution
		HideSolutionNode = FALSE
	EndGlobalSection
	GlobalSection(ExtensibilityGlobals) = postSolution
		SolutionGuid = {8ECAAFB5-F143-48AF-B9E1-F4AAB2256FF6}
	EndGlobalSection
EndGlobal
